
Microsoft Visual Studio Solution File, Format Version 12.00
# Visual Studio Version 17
VisualStudioVersion = 17.2.32630.192
MinimumVisualStudioVersion = 10.0.40219.1
Project("{9A19103F-16F7-4668-BE54-9A1E7A4F7556}") = "ConsoleApp1", "ConsoleApp1\ConsoleApp1.csproj", "{2E60D310-999C-4027-A1DA-709E4286818B}"
EndProject
Project("{FAE04EC0-301F-11D3-BF4B-00C04F79EFBC}") = "lab2", "lab2\lab2.csproj", "{6573AE12-24BE-43DA-AA1B-0284B0C81F07}"
EndProject
Global
	GlobalSection(SolutionConfigurationPlatforms) = preSolution
		Debug|Any CPU = Debug|Any CPU
		Release|Any CPU = Release|Any CPU
	EndGlobalSection
	GlobalSection(ProjectConfigurationPlatforms) = postSolution
		{2E60D310-999C-4027-A1DA-709E4286818B}.Debug|Any CPU.ActiveCfg = Debug|Any CPU
		{2E60D310-999C-4027-A1DA-709E4286818B}.Debug|Any CPU.Build.0 = Debug|Any CPU
		{2E60D310-999C-4027-A1DA-709E4286818B}.Release|Any CPU.ActiveCfg = Release|Any CPU
		{2E60D310-999C-4027-A1DA-709E4286818B}.Release|Any CPU.Build.0 = Release|Any CPU
		{6573AE12-24BE-43DA-AA1B-0284B0C81F07}.Debug|Any CPU.ActiveCfg = Debug|Any CPU
		{6573AE12-24BE-43DA-AA1B-0284B0C81F07}.Debug|Any CPU.Build.0 = Debug|Any CPU
		{6573AE12-24BE-43DA-AA1B-0284B0C81F07}.Release|Any CPU.ActiveCfg = Release|Any CPU
		{6573AE12-24BE-43DA-AA1B-0284B0C81F07}.Release|Any CPU.Build.0 = Release|Any CPU
	EndGlobalSection
	GlobalSection(SolutionProperties) = preSolution
		HideSolutionNode = FALSE
	EndGlobalSection
	GlobalSection(ExtensibilityGlobals) = postSolution
		SolutionGuid = {78D6281B-146D-4313-B629-DC381EEBBF1A}
	EndGlobalSection
EndGlobal
