
Microsoft Visual Studio Solution File, Format Version 12.00
# Visual Studio Version 17
VisualStudioVersion = 17.2.32630.192
MinimumVisualStudioVersion = 10.0.40219.1
Project("{9A19103F-16F7-4668-BE54-9A1E7A4F7556}") = "lab1", "ConsoleApp1\lab1.csproj", "{2E60D310-999C-4027-A1DA-709E4286818B}"
EndProject
Project("{9A19103F-16F7-4668-BE54-9A1E7A4F7556}") = "lab2", "lab2\lab2.csproj", "{6573AE12-24BE-43DA-AA1B-0284B0C81F07}"
EndProject
Project("{9A19103F-16F7-4668-BE54-9A1E7A4F7556}") = "lab3", "lab3\lab3.csproj", "{62125315-FF67-4EF3-AFF8-967548E6BD6E}"
EndProject
Project("{9A19103F-16F7-4668-BE54-9A1E7A4F7556}") = "lab4", "lab4\lab4.csproj", "{96224A9D-DA51-425C-9B94-9B2642BD0A99}"
EndProject
Project("{9A19103F-16F7-4668-BE54-9A1E7A4F7556}") = "lab6", "lab6\lab6.csproj", "{3AC68995-4217-4FD7-9CF8-E4D1A50A49FF}"
EndProject
Project("{9A19103F-16F7-4668-BE54-9A1E7A4F7556}") = "lab6.2", "lab6.2\lab6.2.csproj", "{E7130EEA-5A93-4006-909A-F53ACB3DEA16}"
EndProject
Project("{9A19103F-16F7-4668-BE54-9A1E7A4F7556}") = "lab 7", "lab 7\lab 7.csproj", "{96AFF7B2-FA87-47F7-90B5-05583932D5ED}"
EndProject
Project("{FAE04EC0-301F-11D3-BF4B-00C04F79EFBC}") = "project", "project\project.csproj", "{EF6AEFD6-D4C5-4D7D-9D81-C593D4148A9C}"
EndProject
Global
	GlobalSection(SolutionConfigurationPlatforms) = preSolution
		Debug|Any CPU = Debug|Any CPU
		Release|Any CPU = Release|Any CPU
	EndGlobalSection
	GlobalSection(ProjectConfigurationPlatforms) = postSolution
		{2E60D310-999C-4027-A1DA-709E4286818B}.Debug|Any CPU.ActiveCfg = Debug|Any CPU
		{2E60D310-999C-4027-A1DA-709E4286818B}.Debug|Any CPU.Build.0 = Debug|Any CPU
		{2E60D310-999C-4027-A1DA-709E4286818B}.Release|Any CPU.ActiveCfg = Release|Any CPU
		{2E60D310-999C-4027-A1DA-709E4286818B}.Release|Any CPU.Build.0 = Release|Any CPU
		{6573AE12-24BE-43DA-AA1B-0284B0C81F07}.Debug|Any CPU.ActiveCfg = Debug|Any CPU
		{6573AE12-24BE-43DA-AA1B-0284B0C81F07}.Debug|Any CPU.Build.0 = Debug|Any CPU
		{6573AE12-24BE-43DA-AA1B-0284B0C81F07}.Release|Any CPU.ActiveCfg = Release|Any CPU
		{6573AE12-24BE-43DA-AA1B-0284B0C81F07}.Release|Any CPU.Build.0 = Release|Any CPU
		{62125315-FF67-4EF3-AFF8-967548E6BD6E}.Debug|Any CPU.ActiveCfg = Debug|Any CPU
		{62125315-FF67-4EF3-AFF8-967548E6BD6E}.Debug|Any CPU.Build.0 = Debug|Any CPU
		{62125315-FF67-4EF3-AFF8-967548E6BD6E}.Release|Any CPU.ActiveCfg = Release|Any CPU
		{62125315-FF67-4EF3-AFF8-967548E6BD6E}.Release|Any CPU.Build.0 = Release|Any CPU
		{96224A9D-DA51-425C-9B94-9B2642BD0A99}.Debug|Any CPU.ActiveCfg = Debug|Any CPU
		{96224A9D-DA51-425C-9B94-9B2642BD0A99}.Debug|Any CPU.Build.0 = Debug|Any CPU
		{96224A9D-DA51-425C-9B94-9B2642BD0A99}.Release|Any CPU.ActiveCfg = Release|Any CPU
		{96224A9D-DA51-425C-9B94-9B2642BD0A99}.Release|Any CPU.Build.0 = Release|Any CPU
		{3AC68995-4217-4FD7-9CF8-E4D1A50A49FF}.Debug|Any CPU.ActiveCfg = Debug|Any CPU
		{3AC68995-4217-4FD7-9CF8-E4D1A50A49FF}.Debug|Any CPU.Build.0 = Debug|Any CPU
		{3AC68995-4217-4FD7-9CF8-E4D1A50A49FF}.Release|Any CPU.ActiveCfg = Release|Any CPU
		{3AC68995-4217-4FD7-9CF8-E4D1A50A49FF}.Release|Any CPU.Build.0 = Release|Any CPU
		{E7130EEA-5A93-4006-909A-F53ACB3DEA16}.Debug|Any CPU.ActiveCfg = Debug|Any CPU
		{E7130EEA-5A93-4006-909A-F53ACB3DEA16}.Debug|Any CPU.Build.0 = Debug|Any CPU
		{E7130EEA-5A93-4006-909A-F53ACB3DEA16}.Release|Any CPU.ActiveCfg = Release|Any CPU
		{E7130EEA-5A93-4006-909A-F53ACB3DEA16}.Release|Any CPU.Build.0 = Release|Any CPU
		{96AFF7B2-FA87-47F7-90B5-05583932D5ED}.Debug|Any CPU.ActiveCfg = Debug|Any CPU
		{96AFF7B2-FA87-47F7-90B5-05583932D5ED}.Debug|Any CPU.Build.0 = Debug|Any CPU
		{96AFF7B2-FA87-47F7-90B5-05583932D5ED}.Release|Any CPU.ActiveCfg = Release|Any CPU
		{96AFF7B2-FA87-47F7-90B5-05583932D5ED}.Release|Any CPU.Build.0 = Release|Any CPU
		{EF6AEFD6-D4C5-4D7D-9D81-C593D4148A9C}.Debug|Any CPU.ActiveCfg = Debug|Any CPU
		{EF6AEFD6-D4C5-4D7D-9D81-C593D4148A9C}.Debug|Any CPU.Build.0 = Debug|Any CPU
		{EF6AEFD6-D4C5-4D7D-9D81-C593D4148A9C}.Release|Any CPU.ActiveCfg = Release|Any CPU
		{EF6AEFD6-D4C5-4D7D-9D81-C593D4148A9C}.Release|Any CPU.Build.0 = Release|Any CPU
	EndGlobalSection
	GlobalSection(SolutionProperties) = preSolution
		HideSolutionNode = FALSE
	EndGlobalSection
	GlobalSection(ExtensibilityGlobals) = postSolution
		SolutionGuid = {78D6281B-146D-4313-B629-DC381EEBBF1A}
	EndGlobalSection
EndGlobal
